
Microsoft Visual Studio Solution File, Format Version 12.00
# Visual Studio Version 17
VisualStudioVersion = 17.5.002.0
MinimumVisualStudioVersion = 10.0.40219.1
Project("{9A19103F-16F7-4668-BE54-9A1E7A4F7556}") = "WebAPIPEP3", "WebAPIPEP3\WebAPIPEP3.csproj", "{2EBF8012-7D78-4064-BD46-3EE952C6616B}"
EndProject
Global
	GlobalSection(SolutionConfigurationPlatforms) = preSolution
		Debug|Any CPU = Debug|Any CPU
		Release|Any CPU = Release|Any CPU
	EndGlobalSection
	GlobalSection(ProjectConfigurationPlatforms) = postSolution
		{2EBF8012-7D78-4064-BD46-3EE952C6616B}.Debug|Any CPU.ActiveCfg = Debug|Any CPU
		{2EBF8012-7D78-4064-BD46-3EE952C6616B}.Debug|Any CPU.Build.0 = Debug|Any CPU
		{2EBF8012-7D78-4064-BD46-3EE952C6616B}.Release|Any CPU.ActiveCfg = Release|Any CPU
		{2EBF8012-7D78-4064-BD46-3EE952C6616B}.Release|Any CPU.Build.0 = Release|Any CPU
	EndGlobalSection
	GlobalSection(SolutionProperties) = preSolution
		HideSolutionNode = FALSE
	EndGlobalSection
	GlobalSection(ExtensibilityGlobals) = postSolution
		SolutionGuid = {7C7356A1-96E4-46DD-A00B-3A4C55A744F5}
	EndGlobalSection
EndGlobal
